
Microsoft Visual Studio Solution File, Format Version 12.00
# Visual Studio Version 16
VisualStudioVersion = 16.0.29306.81
MinimumVisualStudioVersion = 10.0.40219.1
Project("{8BC9CEB8-8B4A-11D0-8D11-00A0C91BC942}") = "IAP Project1", "IAP Project1.vcxproj", "{AADD89EF-5EEE-4B2B-B482-40A0935871D7}"
EndProject
Project("{8BC9CEB8-8B4A-11D0-8D11-00A0C91BC942}") = "IAP Project2", "..\IAP Project2\IAP Project2.vcxproj", "{865B4754-B90D-4978-9641-5536D3A01CDD}"
EndProject
Project("{8BC9CEB8-8B4A-11D0-8D11-00A0C91BC942}") = "TESTS", "..\TESTS\TESTS.vcxproj", "{D950EF48-F441-4F0C-924B-3249ECE53308}"
EndProject
Project("{8BC9CEB8-8B4A-11D0-8D11-00A0C91BC942}") = "IAP Project3", "..\IAP Project3\IAP Project3.vcxproj", "{073AC588-8C6E-4523-AEDE-FDD40E301C06}"
EndProject
Project("{8BC9CEB8-8B4A-11D0-8D11-00A0C91BC942}") = "IAP Project4", "..\IAP Project4\IAP Project4.vcxproj", "{AD4D547F-3659-46D3-8547-1691E29BCAA1}"
EndProject
Global
	GlobalSection(SolutionConfigurationPlatforms) = preSolution
		Debug|x64 = Debug|x64
		Debug|x86 = Debug|x86
		Release|x64 = Release|x64
		Release|x86 = Release|x86
	EndGlobalSection
	GlobalSection(ProjectConfigurationPlatforms) = postSolution
		{AADD89EF-5EEE-4B2B-B482-40A0935871D7}.Debug|x64.ActiveCfg = Debug|x64
		{AADD89EF-5EEE-4B2B-B482-40A0935871D7}.Debug|x64.Build.0 = Debug|x64
		{AADD89EF-5EEE-4B2B-B482-40A0935871D7}.Debug|x86.ActiveCfg = Debug|Win32
		{AADD89EF-5EEE-4B2B-B482-40A0935871D7}.Debug|x86.Build.0 = Debug|Win32
		{AADD89EF-5EEE-4B2B-B482-40A0935871D7}.Release|x64.ActiveCfg = Release|x64
		{AADD89EF-5EEE-4B2B-B482-40A0935871D7}.Release|x64.Build.0 = Release|x64
		{AADD89EF-5EEE-4B2B-B482-40A0935871D7}.Release|x86.ActiveCfg = Release|Win32
		{AADD89EF-5EEE-4B2B-B482-40A0935871D7}.Release|x86.Build.0 = Release|Win32
		{865B4754-B90D-4978-9641-5536D3A01CDD}.Debug|x64.ActiveCfg = Debug|x64
		{865B4754-B90D-4978-9641-5536D3A01CDD}.Debug|x64.Build.0 = Debug|x64
		{865B4754-B90D-4978-9641-5536D3A01CDD}.Debug|x86.ActiveCfg = Debug|Win32
		{865B4754-B90D-4978-9641-5536D3A01CDD}.Debug|x86.Build.0 = Debug|Win32
		{865B4754-B90D-4978-9641-5536D3A01CDD}.Release|x64.ActiveCfg = Release|x64
		{865B4754-B90D-4978-9641-5536D3A01CDD}.Release|x64.Build.0 = Release|x64
		{865B4754-B90D-4978-9641-5536D3A01CDD}.Release|x86.ActiveCfg = Release|Win32
		{865B4754-B90D-4978-9641-5536D3A01CDD}.Release|x86.Build.0 = Release|Win32
		{D950EF48-F441-4F0C-924B-3249ECE53308}.Debug|x64.ActiveCfg = Debug|x64
		{D950EF48-F441-4F0C-924B-3249ECE53308}.Debug|x64.Build.0 = Debug|x64
		{D950EF48-F441-4F0C-924B-3249ECE53308}.Debug|x86.ActiveCfg = Debug|Win32
		{D950EF48-F441-4F0C-924B-3249ECE53308}.Debug|x86.Build.0 = Debug|Win32
		{D950EF48-F441-4F0C-924B-3249ECE53308}.Release|x64.ActiveCfg = Release|x64
		{D950EF48-F441-4F0C-924B-3249ECE53308}.Release|x64.Build.0 = Release|x64
		{D950EF48-F441-4F0C-924B-3249ECE53308}.Release|x86.ActiveCfg = Release|Win32
		{D950EF48-F441-4F0C-924B-3249ECE53308}.Release|x86.Build.0 = Release|Win32
		{073AC588-8C6E-4523-AEDE-FDD40E301C06}.Debug|x64.ActiveCfg = Debug|x64
		{073AC588-8C6E-4523-AEDE-FDD40E301C06}.Debug|x64.Build.0 = Debug|x64
		{073AC588-8C6E-4523-AEDE-FDD40E301C06}.Debug|x86.ActiveCfg = Debug|Win32
		{073AC588-8C6E-4523-AEDE-FDD40E301C06}.Debug|x86.Build.0 = Debug|Win32
		{073AC588-8C6E-4523-AEDE-FDD40E301C06}.Release|x64.ActiveCfg = Release|x64
		{073AC588-8C6E-4523-AEDE-FDD40E301C06}.Release|x64.Build.0 = Release|x64
		{073AC588-8C6E-4523-AEDE-FDD40E301C06}.Release|x86.ActiveCfg = Release|Win32
		{073AC588-8C6E-4523-AEDE-FDD40E301C06}.Release|x86.Build.0 = Release|Win32
		{AD4D547F-3659-46D3-8547-1691E29BCAA1}.Debug|x64.ActiveCfg = Debug|x64
		{AD4D547F-3659-46D3-8547-1691E29BCAA1}.Debug|x64.Build.0 = Debug|x64
		{AD4D547F-3659-46D3-8547-1691E29BCAA1}.Debug|x86.ActiveCfg = Debug|Win32
		{AD4D547F-3659-46D3-8547-1691E29BCAA1}.Debug|x86.Build.0 = Debug|Win32
		{AD4D547F-3659-46D3-8547-1691E29BCAA1}.Release|x64.ActiveCfg = Release|x64
		{AD4D547F-3659-46D3-8547-1691E29BCAA1}.Release|x64.Build.0 = Release|x64
		{AD4D547F-3659-46D3-8547-1691E29BCAA1}.Release|x86.ActiveCfg = Release|Win32
		{AD4D547F-3659-46D3-8547-1691E29BCAA1}.Release|x86.Build.0 = Release|Win32
	EndGlobalSection
	GlobalSection(SolutionProperties) = preSolution
		HideSolutionNode = FALSE
	EndGlobalSection
	GlobalSection(ExtensibilityGlobals) = postSolution
		SolutionGuid = {B698377E-B46D-4D56-AE44-C8B4DFE64D4B}
	EndGlobalSection
EndGlobal
